// !$*UTF8*$!
{
	archiveVersion = 1;
	classes = {
	};
	objectVersion = 55;
	objects = {

/* Begin PBXBuildFile section */
		32D6F7B928B0F85C004D0F5F /* card.swift in Sources */ = {isa = PBXBuildFile; fileRef = 32D6F7B828B0F85C004D0F5F /* card.swift */; };
		32D733C828B0AEFE00B6EE99 /* Quotes_App.swift in Sources */ = {isa = PBXBuildFile; fileRef = 32D733C728B0AEFE00B6EE99 /* Quotes_App.swift */; };
		32D733CA28B0AEFE00B6EE99 /* ContentView.swift in Sources */ = {isa = PBXBuildFile; fileRef = 32D733C928B0AEFE00B6EE99 /* ContentView.swift */; };
		32D733CC28B0AF0000B6EE99 /* Assets.xcassets in Resources */ = {isa = PBXBuildFile; fileRef = 32D733CB28B0AF0000B6EE99 /* Assets.xcassets */; };
		32D733CF28B0AF0000B6EE99 /* Preview Assets.xcassets in Resources */ = {isa = PBXBuildFile; fileRef = 32D733CE28B0AF0000B6EE99 /* Preview Assets.xcassets */; };
		32D733D928B0AF0000B6EE99 /* Quotes_appTests.swift in Sources */ = {isa = PBXBuildFile; fileRef = 32D733D828B0AF0000B6EE99 /* Quotes_appTests.swift */; };
		32D733E328B0AF0000B6EE99 /* Quotes_appUITests.swift in Sources */ = {isa = PBXBuildFile; fileRef = 32D733E228B0AF0000B6EE99 /* Quotes_appUITests.swift */; };
		32D733E528B0AF0000B6EE99 /* Quotes_appUITestsLaunchTests.swift in Sources */ = {isa = PBXBuildFile; fileRef = 32D733E428B0AF0000B6EE99 /* Quotes_appUITestsLaunchTests.swift */; };
		32D733F628B0B2D800B6EE99 /* data.json in Resources */ = {isa = PBXBuildFile; fileRef = 32D733F528B0B2D800B6EE99 /* data.json */; };
		32D733F828B0B80900B6EE99 /* Author.swift in Sources */ = {isa = PBXBuildFile; fileRef = 32D733F728B0B80900B6EE99 /* Author.swift */; };
		32D733FA28B0B94C00B6EE99 /* AuthorModel.swift in Sources */ = {isa = PBXBuildFile; fileRef = 32D733F928B0B94C00B6EE99 /* AuthorModel.swift */; };
		32D7340428B0EB4A00B6EE99 /* DetailView.swift in Sources */ = {isa = PBXBuildFile; fileRef = 32D7340328B0EB4A00B6EE99 /* DetailView.swift */; };
/* End PBXBuildFile section */

/* Begin PBXContainerItemProxy section */
		32D733D528B0AF0000B6EE99 /* PBXContainerItemProxy */ = {
			isa = PBXContainerItemProxy;
			containerPortal = 32D733BC28B0AEFE00B6EE99 /* Project object */;
			proxyType = 1;
			remoteGlobalIDString = 32D733C328B0AEFE00B6EE99;
			remoteInfo = "Quotes app";
		};
		32D733DF28B0AF0000B6EE99 /* PBXContainerItemProxy */ = {
			isa = PBXContainerItemProxy;
			containerPortal = 32D733BC28B0AEFE00B6EE99 /* Project object */;
			proxyType = 1;
			remoteGlobalIDString = 32D733C328B0AEFE00B6EE99;
			remoteInfo = "Quotes app";
		};
/* End PBXContainerItemProxy section */

/* Begin PBXFileReference section */
		32D6F7B828B0F85C004D0F5F /* card.swift */ = {isa = PBXFileReference; lastKnownFileType = sourcecode.swift; path = card.swift; sourceTree = "<group>"; };
		32D733C428B0AEFE00B6EE99 /* Quotes app.app */ = {isa = PBXFileReference; explicitFileType = wrapper.application; includeInIndex = 0; path = "Quotes app.app"; sourceTree = BUILT_PRODUCTS_DIR; };
		32D733C728B0AEFE00B6EE99 /* Quotes_App.swift */ = {isa = PBXFileReference; lastKnownFileType = sourcecode.swift; path = Quotes_App.swift; sourceTree = "<group>"; };
		32D733C928B0AEFE00B6EE99 /* ContentView.swift */ = {isa = PBXFileReference; lastKnownFileType = sourcecode.swift; path = ContentView.swift; sourceTree = "<group>"; };
		32D733CB28B0AF0000B6EE99 /* Assets.xcassets */ = {isa = PBXFileReference; lastKnownFileType = folder.assetcatalog; path = Assets.xcassets; sourceTree = "<group>"; };
		32D733CE28B0AF0000B6EE99 /* Preview Assets.xcassets */ = {isa = PBXFileReference; lastKnownFileType = folder.assetcatalog; path = "Preview Assets.xcassets"; sourceTree = "<group>"; };
		32D733D428B0AF0000B6EE99 /* Quotes appTests.xctest */ = {isa = PBXFileReference; explicitFileType = wrapper.cfbundle; includeInIndex = 0; path = "Quotes appTests.xctest"; sourceTree = BUILT_PRODUCTS_DIR; };
		32D733D828B0AF0000B6EE99 /* Quotes_appTests.swift */ = {isa = PBXFileReference; lastKnownFileType = sourcecode.swift; path = Quotes_appTests.swift; sourceTree = "<group>"; };
		32D733DE28B0AF0000B6EE99 /* Quotes appUITests.xctest */ = {isa = PBXFileReference; explicitFileType = wrapper.cfbundle; includeInIndex = 0; path = "Quotes appUITests.xctest"; sourceTree = BUILT_PRODUCTS_DIR; };
		32D733E228B0AF0000B6EE99 /* Quotes_appUITests.swift */ = {isa = PBXFileReference; lastKnownFileType = sourcecode.swift; path = Quotes_appUITests.swift; sourceTree = "<group>"; };
		32D733E428B0AF0000B6EE99 /* Quotes_appUITestsLaunchTests.swift */ = {isa = PBXFileReference; lastKnownFileType = sourcecode.swift; path = Quotes_appUITestsLaunchTests.swift; sourceTree = "<group>"; };
		32D733F528B0B2D800B6EE99 /* data.json */ = {isa = PBXFileReference; lastKnownFileType = text.json; path = data.json; sourceTree = "<group>"; };
		32D733F728B0B80900B6EE99 /* Author.swift */ = {isa = PBXFileReference; lastKnownFileType = sourcecode.swift; path = Author.swift; sourceTree = "<group>"; };
		32D733F928B0B94C00B6EE99 /* AuthorModel.swift */ = {isa = PBXFileReference; lastKnownFileType = sourcecode.swift; path = AuthorModel.swift; sourceTree = "<group>"; };
		32D7340328B0EB4A00B6EE99 /* DetailView.swift */ = {isa = PBXFileReference; lastKnownFileType = sourcecode.swift; path = DetailView.swift; sourceTree = "<group>"; };
/* End PBXFileReference section */

/* Begin PBXFrameworksBuildPhase section */
		32D733C128B0AEFE00B6EE99 /* Frameworks */ = {
			isa = PBXFrameworksBuildPhase;
			buildActionMask = 2147483647;
			files = (
			);
			runOnlyForDeploymentPostprocessing = 0;
		};
		32D733D128B0AF0000B6EE99 /* Frameworks */ = {
			isa = PBXFrameworksBuildPhase;
			buildActionMask = 2147483647;
			files = (
			);
			runOnlyForDeploymentPostprocessing = 0;
		};
		32D733DB28B0AF0000B6EE99 /* Frameworks */ = {
			isa = PBXFrameworksBuildPhase;
			buildActionMask = 2147483647;
			files = (
			);
			runOnlyForDeploymentPostprocessing = 0;
		};
/* End PBXFrameworksBuildPhase section */

/* Begin PBXGroup section */
		32D733BB28B0AEFE00B6EE99 = {
			isa = PBXGroup;
			children = (
				32D733C628B0AEFE00B6EE99 /* Quotes app */,
				32D733D728B0AF0000B6EE99 /* Quotes appTests */,
				32D733E128B0AF0000B6EE99 /* Quotes appUITests */,
				32D733C528B0AEFE00B6EE99 /* Products */,
			);
			sourceTree = "<group>";
		};
		32D733C528B0AEFE00B6EE99 /* Products */ = {
			isa = PBXGroup;
			children = (
				32D733C428B0AEFE00B6EE99 /* Quotes app.app */,
				32D733D428B0AF0000B6EE99 /* Quotes appTests.xctest */,
				32D733DE28B0AF0000B6EE99 /* Quotes appUITests.xctest */,
			);
			name = Products;
			sourceTree = "<group>";
		};
		32D733C628B0AEFE00B6EE99 /* Quotes app */ = {
			isa = PBXGroup;
			children = (
				32D733F228B0B28A00B6EE99 /* View */,
				32D733F128B0B28300B6EE99 /* models */,
				32D733F428B0B2A500B6EE99 /* Data */,
				32D733CB28B0AF0000B6EE99 /* Assets.xcassets */,
				32D733C728B0AEFE00B6EE99 /* Quotes_App.swift */,
				32D733CD28B0AF0000B6EE99 /* Preview Content */,
			);
			path = "Quotes app";
			sourceTree = "<group>";
		};
		32D733CD28B0AF0000B6EE99 /* Preview Content */ = {
			isa = PBXGroup;
			children = (
				32D733CE28B0AF0000B6EE99 /* Preview Assets.xcassets */,
			);
			path = "Preview Content";
			sourceTree = "<group>";
		};
		32D733D728B0AF0000B6EE99 /* Quotes appTests */ = {
			isa = PBXGroup;
			children = (
				32D733D828B0AF0000B6EE99 /* Quotes_appTests.swift */,
			);
			path = "Quotes appTests";
			sourceTree = "<group>";
		};
		32D733E128B0AF0000B6EE99 /* Quotes appUITests */ = {
			isa = PBXGroup;
			children = (
				32D733E228B0AF0000B6EE99 /* Quotes_appUITests.swift */,
				32D733E428B0AF0000B6EE99 /* Quotes_appUITestsLaunchTests.swift */,
			);
			path = "Quotes appUITests";
			sourceTree = "<group>";
		};
		32D733F128B0B28300B6EE99 /* models */ = {
			isa = PBXGroup;
			children = (
				32D733F728B0B80900B6EE99 /* Author.swift */,
			);
			path = models;
			sourceTree = "<group>";
		};
		32D733F228B0B28A00B6EE99 /* View */ = {
			isa = PBXGroup;
			children = (
				32D733C928B0AEFE00B6EE99 /* ContentView.swift */,
				32D7340328B0EB4A00B6EE99 /* DetailView.swift */,
				32D733F328B0B29100B6EE99 /* ViewModel */,
				32D6F7B828B0F85C004D0F5F /* card.swift */,
			);
			path = View;
			sourceTree = "<group>";
		};
		32D733F328B0B29100B6EE99 /* ViewModel */ = {
			isa = PBXGroup;
			children = (
				32D733F928B0B94C00B6EE99 /* AuthorModel.swift */,
			);
			path = ViewModel;
			sourceTree = "<group>";
		};
		32D733F428B0B2A500B6EE99 /* Data */ = {
			isa = PBXGroup;
			children = (
				32D733F528B0B2D800B6EE99 /* data.json */,
			);
			path = Data;
			sourceTree = "<group>";
		};
/* End PBXGroup section */

/* Begin PBXNativeTarget section */
		32D733C328B0AEFE00B6EE99 /* Quotes app */ = {
			isa = PBXNativeTarget;
			buildConfigurationList = 32D733E828B0AF0000B6EE99 /* Build configuration list for PBXNativeTarget "Quotes app" */;
			buildPhases = (
				32D733C028B0AEFE00B6EE99 /* Sources */,
				32D733C128B0AEFE00B6EE99 /* Frameworks */,
				32D733C228B0AEFE00B6EE99 /* Resources */,
			);
			buildRules = (
			);
			dependencies = (
			);
			name = "Quotes app";
			productName = "Quotes app";
			productReference = 32D733C428B0AEFE00B6EE99 /* Quotes app.app */;
			productType = "com.apple.product-type.application";
		};
		32D733D328B0AF0000B6EE99 /* Quotes appTests */ = {
			isa = PBXNativeTarget;
			buildConfigurationList = 32D733EB28B0AF0000B6EE99 /* Build configuration list for PBXNativeTarget "Quotes appTests" */;
			buildPhases = (
				32D733D028B0AF0000B6EE99 /* Sources */,
				32D733D128B0AF0000B6EE99 /* Frameworks */,
				32D733D228B0AF0000B6EE99 /* Resources */,
			);
			buildRules = (
			);
			dependencies = (
				32D733D628B0AF0000B6EE99 /* PBXTargetDependency */,
			);
			name = "Quotes appTests";
			productName = "Quotes appTests";
			productReference = 32D733D428B0AF0000B6EE99 /* Quotes appTests.xctest */;
			productType = "com.apple.product-type.bundle.unit-test";
		};
		32D733DD28B0AF0000B6EE99 /* Quotes appUITests */ = {
			isa = PBXNativeTarget;
			buildConfigurationList = 32D733EE28B0AF0000B6EE99 /* Build configuration list for PBXNativeTarget "Quotes appUITests" */;
			buildPhases = (
				32D733DA28B0AF0000B6EE99 /* Sources */,
				32D733DB28B0AF0000B6EE99 /* Frameworks */,
				32D733DC28B0AF0000B6EE99 /* Resources */,
			);
			buildRules = (
			);
			dependencies = (
				32D733E028B0AF0000B6EE99 /* PBXTargetDependency */,
			);
			name = "Quotes appUITests";
			productName = "Quotes appUITests";
			productReference = 32D733DE28B0AF0000B6EE99 /* Quotes appUITests.xctest */;
			productType = "com.apple.product-type.bundle.ui-testing";
		};
/* End PBXNativeTarget section */

/* Begin PBXProject section */
		32D733BC28B0AEFE00B6EE99 /* Project object */ = {
			isa = PBXProject;
			attributes = {
				BuildIndependentTargetsInParallel = 1;
				LastSwiftUpdateCheck = 1340;
				LastUpgradeCheck = 1340;
				TargetAttributes = {
					32D733C328B0AEFE00B6EE99 = {
						CreatedOnToolsVersion = 13.4.1;
					};
					32D733D328B0AF0000B6EE99 = {
						CreatedOnToolsVersion = 13.4.1;
						TestTargetID = 32D733C328B0AEFE00B6EE99;
					};
					32D733DD28B0AF0000B6EE99 = {
						CreatedOnToolsVersion = 13.4.1;
						TestTargetID = 32D733C328B0AEFE00B6EE99;
					};
				};
			};
			buildConfigurationList = 32D733BF28B0AEFE00B6EE99 /* Build configuration list for PBXProject "Quotes app" */;
			compatibilityVersion = "Xcode 13.0";
			developmentRegion = en;
			hasScannedForEncodings = 0;
			knownRegions = (
				en,
				Base,
			);
			mainGroup = 32D733BB28B0AEFE00B6EE99;
			productRefGroup = 32D733C528B0AEFE00B6EE99 /* Products */;
			projectDirPath = "";
			projectRoot = "";
			targets = (
				32D733C328B0AEFE00B6EE99 /* Quotes app */,
				32D733D328B0AF0000B6EE99 /* Quotes appTests */,
				32D733DD28B0AF0000B6EE99 /* Quotes appUITests */,
			);
		};
/* End PBXProject section */

/* Begin PBXResourcesBuildPhase section */
		32D733C228B0AEFE00B6EE99 /* Resources */ = {
			isa = PBXResourcesBuildPhase;
			buildActionMask = 2147483647;
			files = (
				32D733CF28B0AF0000B6EE99 /* Preview Assets.xcassets in Resources */,
				32D733F628B0B2D800B6EE99 /* data.json in Resources */,
				32D733CC28B0AF0000B6EE99 /* Assets.xcassets in Resources */,
			);
			runOnlyForDeploymentPostprocessing = 0;
		};
		32D733D228B0AF0000B6EE99 /* Resources */ = {
			isa = PBXResourcesBuildPhase;
			buildActionMask = 2147483647;
			files = (
			);
			runOnlyForDeploymentPostprocessing = 0;
		};
		32D733DC28B0AF0000B6EE99 /* Resources */ = {
			isa = PBXResourcesBuildPhase;
			buildActionMask = 2147483647;
			files = (
			);
			runOnlyForDeploymentPostprocessing = 0;
		};
/* End PBXResourcesBuildPhase section */

/* Begin PBXSourcesBuildPhase section */
		32D733C028B0AEFE00B6EE99 /* Sources */ = {
			isa = PBXSourcesBuildPhase;
			buildActionMask = 2147483647;
			files = (
				32D733FA28B0B94C00B6EE99 /* AuthorModel.swift in Sources */,
				32D733CA28B0AEFE00B6EE99 /* ContentView.swift in Sources */,
				32D7340428B0EB4A00B6EE99 /* DetailView.swift in Sources */,
				32D6F7B928B0F85C004D0F5F /* card.swift in Sources */,
				32D733C828B0AEFE00B6EE99 /* Quotes_App.swift in Sources */,
				32D733F828B0B80900B6EE99 /* Author.swift in Sources */,
			);
			runOnlyForDeploymentPostprocessing = 0;
		};
		32D733D028B0AF0000B6EE99 /* Sources */ = {
			isa = PBXSourcesBuildPhase;
			buildActionMask = 2147483647;
			files = (
				32D733D928B0AF0000B6EE99 /* Quotes_appTests.swift in Sources */,
			);
			runOnlyForDeploymentPostprocessing = 0;
		};
		32D733DA28B0AF0000B6EE99 /* Sources */ = {
			isa = PBXSourcesBuildPhase;
			buildActionMask = 2147483647;
			files = (
				32D733E328B0AF0000B6EE99 /* Quotes_appUITests.swift in Sources */,
				32D733E528B0AF0000B6EE99 /* Quotes_appUITestsLaunchTests.swift in Sources */,
			);
			runOnlyForDeploymentPostprocessing = 0;
		};
/* End PBXSourcesBuildPhase section */

/* Begin PBXTargetDependency section */
		32D733D628B0AF0000B6EE99 /* PBXTargetDependency */ = {
			isa = PBXTargetDependency;
			target = 32D733C328B0AEFE00B6EE99 /* Quotes app */;
			targetProxy = 32D733D528B0AF0000B6EE99 /* PBXContainerItemProxy */;
		};
		32D733E028B0AF0000B6EE99 /* PBXTargetDependency */ = {
			isa = PBXTargetDependency;
			target = 32D733C328B0AEFE00B6EE99 /* Quotes app */;
			targetProxy = 32D733DF28B0AF0000B6EE99 /* PBXContainerItemProxy */;
		};
/* End PBXTargetDependency section */

/* Begin XCBuildConfiguration section */
		32D733E628B0AF0000B6EE99 /* Debug */ = {
			isa = XCBuildConfiguration;
			buildSettings = {
				ALWAYS_SEARCH_USER_PATHS = NO;
				CLANG_ANALYZER_NONNULL = YES;
				CLANG_ANALYZER_NUMBER_OBJECT_CONVERSION = YES_AGGRESSIVE;
				CLANG_CXX_LANGUAGE_STANDARD = "gnu++17";
				CLANG_ENABLE_MODULES = YES;
				CLANG_ENABLE_OBJC_ARC = YES;
				CLANG_ENABLE_OBJC_WEAK = YES;
				CLANG_WARN_BLOCK_CAPTURE_AUTORELEASING = YES;
				CLANG_WARN_BOOL_CONVERSION = YES;
				CLANG_WARN_COMMA = YES;
				CLANG_WARN_CONSTANT_CONVERSION = YES;
				CLANG_WARN_DEPRECATED_OBJC_IMPLEMENTATIONS = YES;
				CLANG_WARN_DIRECT_OBJC_ISA_USAGE = YES_ERROR;
				CLANG_WARN_DOCUMENTATION_COMMENTS = YES;
				CLANG_WARN_EMPTY_BODY = YES;
				CLANG_WARN_ENUM_CONVERSION = YES;
				CLANG_WARN_INFINITE_RECURSION = YES;
				CLANG_WARN_INT_CONVERSION = YES;
				CLANG_WARN_NON_LITERAL_NULL_CONVERSION = YES;
				CLANG_WARN_OBJC_IMPLICIT_RETAIN_SELF = YES;
				CLANG_WARN_OBJC_LITERAL_CONVERSION = YES;
				CLANG_WARN_OBJC_ROOT_CLASS = YES_ERROR;
				CLANG_WARN_QUOTED_INCLUDE_IN_FRAMEWORK_HEADER = YES;
				CLANG_WARN_RANGE_LOOP_ANALYSIS = YES;
				CLANG_WARN_STRICT_PROTOTYPES = YES;
				CLANG_WARN_SUSPICIOUS_MOVE = YES;
				CLANG_WARN_UNGUARDED_AVAILABILITY = YES_AGGRESSIVE;
				CLANG_WARN_UNREACHABLE_CODE = YES;
				CLANG_WARN__DUPLICATE_METHOD_MATCH = YES;
				COPY_PHASE_STRIP = NO;
				DEBUG_INFORMATION_FORMAT = dwarf;
				ENABLE_STRICT_OBJC_MSGSEND = YES;
				ENABLE_TESTABILITY = YES;
				GCC_C_LANGUAGE_STANDARD = gnu11;
				GCC_DYNAMIC_NO_PIC = NO;
				GCC_NO_COMMON_BLOCKS = YES;
				GCC_OPTIMIZATION_LEVEL = 0;
				GCC_PREPROCESSOR_DEFINITIONS = (
					"DEBUG=1",
					"$(inherited)",
				);
				GCC_WARN_64_TO_32_BIT_CONVERSION = YES;
				GCC_WARN_ABOUT_RETURN_TYPE = YES_ERROR;
				GCC_WARN_UNDECLARED_SELECTOR = YES;
				GCC_WARN_UNINITIALIZED_AUTOS = YES_AGGRESSIVE;
				GCC_WARN_UNUSED_FUNCTION = YES;
				GCC_WARN_UNUSED_VARIABLE = YES;
				IPHONEOS_DEPLOYMENT_TARGET = 15.5;
				MTL_ENABLE_DEBUG_INFO = INCLUDE_SOURCE;
				MTL_FAST_MATH = YES;
				ONLY_ACTIVE_ARCH = YES;
				SDKROOT = iphoneos;
				SWIFT_ACTIVE_COMPILATION_CONDITIONS = DEBUG;
				SWIFT_OPTIMIZATION_LEVEL = "-Onone";
			};
			name = Debug;
		};
		32D733E728B0AF0000B6EE99 /* Release */ = {
			isa = XCBuildConfiguration;
			buildSettings = {
				ALWAYS_SEARCH_USER_PATHS = NO;
				CLANG_ANALYZER_NONNULL = YES;
				CLANG_ANALYZER_NUMBER_OBJECT_CONVERSION = YES_AGGRESSIVE;
				CLANG_CXX_LANGUAGE_STANDARD = "gnu++17";
				CLANG_ENABLE_MODULES = YES;
				CLANG_ENABLE_OBJC_ARC = YES;
				CLANG_ENABLE_OBJC_WEAK = YES;
				CLANG_WARN_BLOCK_CAPTURE_AUTORELEASING = YES;
				CLANG_WARN_BOOL_CONVERSION = YES;
				CLANG_WARN_COMMA = YES;
				CLANG_WARN_CONSTANT_CONVERSION = YES;
				CLANG_WARN_DEPRECATED_OBJC_IMPLEMENTATIONS = YES;
				CLANG_WARN_DIRECT_OBJC_ISA_USAGE = YES_ERROR;
				CLANG_WARN_DOCUMENTATION_COMMENTS = YES;
				CLANG_WARN_EMPTY_BODY = YES;
				CLANG_WARN_ENUM_CONVERSION = YES;
				CLANG_WARN_INFINITE_RECURSION = YES;
				CLANG_WARN_INT_CONVERSION = YES;
				CLANG_WARN_NON_LITERAL_NULL_CONVERSION = YES;
				CLANG_WARN_OBJC_IMPLICIT_RETAIN_SELF = YES;
				CLANG_WARN_OBJC_LITERAL_CONVERSION = YES;
				CLANG_WARN_OBJC_ROOT_CLASS = YES_ERROR;
				CLANG_WARN_QUOTED_INCLUDE_IN_FRAMEWORK_HEADER = YES;
				CLANG_WARN_RANGE_LOOP_ANALYSIS = YES;
				CLANG_WARN_STRICT_PROTOTYPES = YES;
				CLANG_WARN_SUSPICIOUS_MOVE = YES;
				CLANG_WARN_UNGUARDED_AVAILABILITY = YES_AGGRESSIVE;
				CLANG_WARN_UNREACHABLE_CODE = YES;
				CLANG_WARN__DUPLICATE_METHOD_MATCH = YES;
				COPY_PHASE_STRIP = NO;
				DEBUG_INFORMATION_FORMAT = "dwarf-with-dsym";
				ENABLE_NS_ASSERTIONS = NO;
				ENABLE_STRICT_OBJC_MSGSEND = YES;
				GCC_C_LANGUAGE_STANDARD = gnu11;
				GCC_NO_COMMON_BLOCKS = YES;
				GCC_WARN_64_TO_32_BIT_CONVERSION = YES;
				GCC_WARN_ABOUT_RETURN_TYPE = YES_ERROR;
				GCC_WARN_UNDECLARED_SELECTOR = YES;
				GCC_WARN_UNINITIALIZED_AUTOS = YES_AGGRESSIVE;
				GCC_WARN_UNUSED_FUNCTION = YES;
				GCC_WARN_UNUSED_VARIABLE = YES;
				IPHONEOS_DEPLOYMENT_TARGET = 15.5;
				MTL_ENABLE_DEBUG_INFO = NO;
				MTL_FAST_MATH = YES;
				SDKROOT = iphoneos;
				SWIFT_COMPILATION_MODE = wholemodule;
				SWIFT_OPTIMIZATION_LEVEL = "-O";
				VALIDATE_PRODUCT = YES;
			};
			name = Release;
		};
		32D733E928B0AF0000B6EE99 /* Debug */ = {
			isa = XCBuildConfiguration;
			buildSettings = {
				ASSETCATALOG_COMPILER_APPICON_NAME = AppIcon;
				ASSETCATALOG_COMPILER_GLOBAL_ACCENT_COLOR_NAME = AccentColor;
				CODE_SIGN_STYLE = Automatic;
				CURRENT_PROJECT_VERSION = 1;
				DEVELOPMENT_ASSET_PATHS = "\"Quotes app/Preview Content\"";
				DEVELOPMENT_TEAM = 7S5KXF68WA;
				ENABLE_PREVIEWS = YES;
				GENERATE_INFOPLIST_FILE = YES;
				INFOPLIST_KEY_UIApplicationSceneManifest_Generation = YES;
				INFOPLIST_KEY_UIApplicationSupportsIndirectInputEvents = YES;
				INFOPLIST_KEY_UILaunchScreen_Generation = YES;
				INFOPLIST_KEY_UISupportedInterfaceOrientations_iPad = "UIInterfaceOrientationPortrait UIInterfaceOrientationPortraitUpsideDown UIInterfaceOrientationLandscapeLeft UIInterfaceOrientationLandscapeRight";
				INFOPLIST_KEY_UISupportedInterfaceOrientations_iPhone = "UIInterfaceOrientationPortrait UIInterfaceOrientationLandscapeLeft UIInterfaceOrientationLandscapeRight";
				LD_RUNPATH_SEARCH_PATHS = (
					"$(inherited)",
					"@executable_path/Frameworks",
				);
				MARKETING_VERSION = 1.0;
				PRODUCT_BUNDLE_IDENTIFIER = "ArthurSh.Quotes-app";
				PRODUCT_NAME = "$(TARGET_NAME)";
				SWIFT_EMIT_LOC_STRINGS = YES;
				SWIFT_VERSION = 5.0;
				TARGETED_DEVICE_FAMILY = "1,2";
			};
			name = Debug;
		};
		32D733EA28B0AF0000B6EE99 /* Release */ = {
			isa = XCBuildConfiguration;
			buildSettings = {
				ASSETCATALOG_COMPILER_APPICON_NAME = AppIcon;
				ASSETCATALOG_COMPILER_GLOBAL_ACCENT_COLOR_NAME = AccentColor;
				CODE_SIGN_STYLE = Automatic;
				CURRENT_PROJECT_VERSION = 1;
				DEVELOPMENT_ASSET_PATHS = "\"Quotes app/Preview Content\"";
				DEVELOPMENT_TEAM = 7S5KXF68WA;
				ENABLE_PREVIEWS = YES;
				GENERATE_INFOPLIST_FILE = YES;
				INFOPLIST_KEY_UIApplicationSceneManifest_Generation = YES;
				INFOPLIST_KEY_UIApplicationSupportsIndirectInputEvents = YES;
				INFOPLIST_KEY_UILaunchScreen_Generation = YES;
				INFOPLIST_KEY_UISupportedInterfaceOrientations_iPad = "UIInterfaceOrientationPortrait UIInterfaceOrientationPortraitUpsideDown UIInterfaceOrientationLandscapeLeft UIInterfaceOrientationLandscapeRight";
				INFOPLIST_KEY_UISupportedInterfaceOrientations_iPhone = "UIInterfaceOrientationPortrait UIInterfaceOrientationLandscapeLeft UIInterfaceOrientationLandscapeRight";
				LD_RUNPATH_SEARCH_PATHS = (
					"$(inherited)",
					"@executable_path/Frameworks",
				);
				MARKETING_VERSION = 1.0;
				PRODUCT_BUNDLE_IDENTIFIER = "ArthurSh.Quotes-app";
				PRODUCT_NAME = "$(TARGET_NAME)";
				SWIFT_EMIT_LOC_STRINGS = YES;
				SWIFT_VERSION = 5.0;
				TARGETED_DEVICE_FAMILY = "1,2";
			};
			name = Release;
		};
		32D733EC28B0AF0000B6EE99 /* Debug */ = {
			isa = XCBuildConfiguration;
			buildSettings = {
				ALWAYS_EMBED_SWIFT_STANDARD_LIBRARIES = YES;
				BUNDLE_LOADER = "$(TEST_HOST)";
				CODE_SIGN_STYLE = Automatic;
				CURRENT_PROJECT_VERSION = 1;
				DEVELOPMENT_TEAM = 7S5KXF68WA;
				GENERATE_INFOPLIST_FILE = YES;
				IPHONEOS_DEPLOYMENT_TARGET = 15.5;
				MARKETING_VERSION = 1.0;
				PRODUCT_BUNDLE_IDENTIFIER = "ArthurSh.Quotes-appTests";
				PRODUCT_NAME = "$(TARGET_NAME)";
				SWIFT_EMIT_LOC_STRINGS = NO;
				SWIFT_VERSION = 5.0;
				TARGETED_DEVICE_FAMILY = "1,2";
				TEST_HOST = "$(BUILT_PRODUCTS_DIR)/Quotes app.app/Quotes app";
			};
			name = Debug;
		};
		32D733ED28B0AF0000B6EE99 /* Release */ = {
			isa = XCBuildConfiguration;
			buildSettings = {
				ALWAYS_EMBED_SWIFT_STANDARD_LIBRARIES = YES;
				BUNDLE_LOADER = "$(TEST_HOST)";
				CODE_SIGN_STYLE = Automatic;
				CURRENT_PROJECT_VERSION = 1;
				DEVELOPMENT_TEAM = 7S5KXF68WA;
				GENERATE_INFOPLIST_FILE = YES;
				IPHONEOS_DEPLOYMENT_TARGET = 15.5;
				MARKETING_VERSION = 1.0;
				PRODUCT_BUNDLE_IDENTIFIER = "ArthurSh.Quotes-appTests";
				PRODUCT_NAME = "$(TARGET_NAME)";
				SWIFT_EMIT_LOC_STRINGS = NO;
				SWIFT_VERSION = 5.0;
				TARGETED_DEVICE_FAMILY = "1,2";
				TEST_HOST = "$(BUILT_PRODUCTS_DIR)/Quotes app.app/Quotes app";
			};
			name = Release;
		};
		32D733EF28B0AF0000B6EE99 /* Debug */ = {
			isa = XCBuildConfiguration;
			buildSettings = {
				ALWAYS_EMBED_SWIFT_STANDARD_LIBRARIES = YES;
				CODE_SIGN_STYLE = Automatic;
				CURRENT_PROJECT_VERSION = 1;
				DEVELOPMENT_TEAM = 7S5KXF68WA;
				GENERATE_INFOPLIST_FILE = YES;
				MARKETING_VERSION = 1.0;
				PRODUCT_BUNDLE_IDENTIFIER = "ArthurSh.Quotes-appUITests";
				PRODUCT_NAME = "$(TARGET_NAME)";
				SWIFT_EMIT_LOC_STRINGS = NO;
				SWIFT_VERSION = 5.0;
				TARGETED_DEVICE_FAMILY = "1,2";
				TEST_TARGET_NAME = "Quotes app";
			};
			name = Debug;
		};
		32D733F028B0AF0000B6EE99 /* Release */ = {
			isa = XCBuildConfiguration;
			buildSettings = {
				ALWAYS_EMBED_SWIFT_STANDARD_LIBRARIES = YES;
				CODE_SIGN_STYLE = Automatic;
				CURRENT_PROJECT_VERSION = 1;
				DEVELOPMENT_TEAM = 7S5KXF68WA;
				GENERATE_INFOPLIST_FILE = YES;
				MARKETING_VERSION = 1.0;
				PRODUCT_BUNDLE_IDENTIFIER = "ArthurSh.Quotes-appUITests";
				PRODUCT_NAME = "$(TARGET_NAME)";
				SWIFT_EMIT_LOC_STRINGS = NO;
				SWIFT_VERSION = 5.0;
				TARGETED_DEVICE_FAMILY = "1,2";
				TEST_TARGET_NAME = "Quotes app";
			};
			name = Release;
		};
/* End XCBuildConfiguration section */

/* Begin XCConfigurationList section */
		32D733BF28B0AEFE00B6EE99 /* Build configuration list for PBXProject "Quotes app" */ = {
			isa = XCConfigurationList;
			buildConfigurations = (
				32D733E628B0AF0000B6EE99 /* Debug */,
				32D733E728B0AF0000B6EE99 /* Release */,
			);
			defaultConfigurationIsVisible = 0;
			defaultConfigurationName = Release;
		};
		32D733E828B0AF0000B6EE99 /* Build configuration list for PBXNativeTarget "Quotes app" */ = {
			isa = XCConfigurationList;
			buildConfigurations = (
				32D733E928B0AF0000B6EE99 /* Debug */,
				32D733EA28B0AF0000B6EE99 /* Release */,
			);
			defaultConfigurationIsVisible = 0;
			defaultConfigurationName = Release;
		};
		32D733EB28B0AF0000B6EE99 /* Build configuration list for PBXNativeTarget "Quotes appTests" */ = {
			isa = XCConfigurationList;
			buildConfigurations = (
				32D733EC28B0AF0000B6EE99 /* Debug */,
				32D733ED28B0AF0000B6EE99 /* Release */,
			);
			defaultConfigurationIsVisible = 0;
			defaultConfigurationName = Release;
		};
		32D733EE28B0AF0000B6EE99 /* Build configuration list for PBXNativeTarget "Quotes appUITests" */ = {
			isa = XCConfigurationList;
			buildConfigurations = (
				32D733EF28B0AF0000B6EE99 /* Debug */,
				32D733F028B0AF0000B6EE99 /* Release */,
			);
			defaultConfigurationIsVisible = 0;
			defaultConfigurationName = Release;
		};
/* End XCConfigurationList section */
	};
	rootObject = 32D733BC28B0AEFE00B6EE99 /* Project object */;
}
